
Microsoft Visual Studio Solution File, Format Version 12.00
# Visual Studio Version 17
VisualStudioVersion = 17.8.34330.188
MinimumVisualStudioVersion = 10.0.40219.1
Project("{FAE04EC0-301F-11D3-BF4B-00C04F79EFBC}") = "LiskovSubsitutePrinciple", "LiskovSubsitutePrinciple.csproj", "{AD537CED-43A6-45A4-B85E-87B195825960}"
EndProject
Global
	GlobalSection(SolutionConfigurationPlatforms) = preSolution
		Debug|Any CPU = Debug|Any CPU
		Release|Any CPU = Release|Any CPU
	EndGlobalSection
	GlobalSection(ProjectConfigurationPlatforms) = postSolution
		{AD537CED-43A6-45A4-B85E-87B195825960}.Debug|Any CPU.ActiveCfg = Debug|Any CPU
		{AD537CED-43A6-45A4-B85E-87B195825960}.Debug|Any CPU.Build.0 = Debug|Any CPU
		{AD537CED-43A6-45A4-B85E-87B195825960}.Release|Any CPU.ActiveCfg = Release|Any CPU
		{AD537CED-43A6-45A4-B85E-87B195825960}.Release|Any CPU.Build.0 = Release|Any CPU
	EndGlobalSection
	GlobalSection(SolutionProperties) = preSolution
		HideSolutionNode = FALSE
	EndGlobalSection
	GlobalSection(ExtensibilityGlobals) = postSolution
		SolutionGuid = {C809EBE5-0749-4125-AF0B-3432A5FF79C5}
	EndGlobalSection
EndGlobal
